// !$*UTF8*$!
{
	archiveVersion = 1;
	classes = {
	};
	objectVersion = 48;
	objects = {

/* Begin PBXBuildFile section */
		4F86B6512043EAD10064BDAE /* AppDelegate.swift in Sources */ = {isa = PBXBuildFile; fileRef = 4F86B6502043EAD10064BDAE /* AppDelegate.swift */; };
		4F86B6532043EAD10064BDAE /* ViewController.swift in Sources */ = {isa = PBXBuildFile; fileRef = 4F86B6522043EAD10064BDAE /* ViewController.swift */; };
		4F86B6582043EAD10064BDAE /* Assets.xcassets in Resources */ = {isa = PBXBuildFile; fileRef = 4F86B6572043EAD10064BDAE /* Assets.xcassets */; };
		4F86B65B2043EAD10064BDAE /* LaunchScreen.storyboard in Resources */ = {isa = PBXBuildFile; fileRef = 4F86B6592043EAD10064BDAE /* LaunchScreen.storyboard */; };
		9EC0D3454F274B175A26873F /* Pods_K3Pinyin_example.framework in Frameworks */ = {isa = PBXBuildFile; fileRef = C3EBEA6B165EC7B0343AED95 /* Pods_K3Pinyin_example.framework */; };
/* End PBXBuildFile section */

/* Begin PBXFileReference section */
		3392F8B31D34DF23E57461DC /* Pods-K3Pinyin_example.release.xcconfig */ = {isa = PBXFileReference; includeInIndex = 1; lastKnownFileType = text.xcconfig; name = "Pods-K3Pinyin_example.release.xcconfig"; path = "Pods/Target Support Files/Pods-K3Pinyin_example/Pods-K3Pinyin_example.release.xcconfig"; sourceTree = "<group>"; };
		4F86B64D2043EAD10064BDAE /* K3Pinyin_example.app */ = {isa = PBXFileReference; explicitFileType = wrapper.application; includeInIndex = 0; path = K3Pinyin_example.app; sourceTree = BUILT_PRODUCTS_DIR; };
		4F86B6502043EAD10064BDAE /* AppDelegate.swift */ = {isa = PBXFileReference; lastKnownFileType = sourcecode.swift; path = AppDelegate.swift; sourceTree = "<group>"; };
		4F86B6522043EAD10064BDAE /* ViewController.swift */ = {isa = PBXFileReference; lastKnownFileType = sourcecode.swift; path = ViewController.swift; sourceTree = "<group>"; };
		4F86B6572043EAD10064BDAE /* Assets.xcassets */ = {isa = PBXFileReference; lastKnownFileType = folder.assetcatalog; path = Assets.xcassets; sourceTree = "<group>"; };
		4F86B65A2043EAD10064BDAE /* Base */ = {isa = PBXFileReference; lastKnownFileType = file.storyboard; name = Base; path = Base.lproj/LaunchScreen.storyboard; sourceTree = "<group>"; };
		4F86B65C2043EAD10064BDAE /* Info.plist */ = {isa = PBXFileReference; lastKnownFileType = text.plist.xml; path = Info.plist; sourceTree = "<group>"; };
		C3EBEA6B165EC7B0343AED95 /* Pods_K3Pinyin_example.framework */ = {isa = PBXFileReference; explicitFileType = wrapper.framework; includeInIndex = 0; path = Pods_K3Pinyin_example.framework; sourceTree = BUILT_PRODUCTS_DIR; };
		DD5477AC3A690A7397DED0B5 /* Pods-K3Pinyin_example.debug.xcconfig */ = {isa = PBXFileReference; includeInIndex = 1; lastKnownFileType = text.xcconfig; name = "Pods-K3Pinyin_example.debug.xcconfig"; path = "Pods/Target Support Files/Pods-K3Pinyin_example/Pods-K3Pinyin_example.debug.xcconfig"; sourceTree = "<group>"; };
/* End PBXFileReference section */

/* Begin PBXFrameworksBuildPhase section */
		4F86B64A2043EAD10064BDAE /* Frameworks */ = {
			isa = PBXFrameworksBuildPhase;
			buildActionMask = 2147483647;
			files = (
				9EC0D3454F274B175A26873F /* Pods_K3Pinyin_example.framework in Frameworks */,
			);
			runOnlyForDeploymentPostprocessing = 0;
		};
/* End PBXFrameworksBuildPhase section */

/* Begin PBXGroup section */
		4F86B6442043EAD10064BDAE = {
			isa = PBXGroup;
			children = (
				4F86B64F2043EAD10064BDAE /* K3Pinyin_example */,
				4F86B64E2043EAD10064BDAE /* Products */,
				D869B6BA3D0082BE0F7DA7B3 /* Pods */,
				4FC16BC304A38E9D052C7FFE /* Frameworks */,
			);
			sourceTree = "<group>";
		};
		4F86B64E2043EAD10064BDAE /* Products */ = {
			isa = PBXGroup;
			children = (
				4F86B64D2043EAD10064BDAE /* K3Pinyin_example.app */,
			);
			name = Products;
			sourceTree = "<group>";
		};
		4F86B64F2043EAD10064BDAE /* K3Pinyin_example */ = {
			isa = PBXGroup;
			children = (
				4F86B6502043EAD10064BDAE /* AppDelegate.swift */,
				4F86B6522043EAD10064BDAE /* ViewController.swift */,
				4F86B6572043EAD10064BDAE /* Assets.xcassets */,
				4F86B6592043EAD10064BDAE /* LaunchScreen.storyboard */,
				4F86B65C2043EAD10064BDAE /* Info.plist */,
			);
			path = K3Pinyin_example;
			sourceTree = "<group>";
		};
		4FC16BC304A38E9D052C7FFE /* Frameworks */ = {
			isa = PBXGroup;
			children = (
				C3EBEA6B165EC7B0343AED95 /* Pods_K3Pinyin_example.framework */,
			);
			name = Frameworks;
			sourceTree = "<group>";
		};
		D869B6BA3D0082BE0F7DA7B3 /* Pods */ = {
			isa = PBXGroup;
			children = (
				DD5477AC3A690A7397DED0B5 /* Pods-K3Pinyin_example.debug.xcconfig */,
				3392F8B31D34DF23E57461DC /* Pods-K3Pinyin_example.release.xcconfig */,
			);
			name = Pods;
			sourceTree = "<group>";
		};
/* End PBXGroup section */

/* Begin PBXNativeTarget section */
		4F86B64C2043EAD10064BDAE /* K3Pinyin_example */ = {
			isa = PBXNativeTarget;
			buildConfigurationList = 4F86B6752043EAD10064BDAE /* Build configuration list for PBXNativeTarget "K3Pinyin_example" */;
			buildPhases = (
				481709D346360BEB90EDABA0 /* [CP] Check Pods Manifest.lock */,
				4F86B6492043EAD10064BDAE /* Sources */,
				4F86B64A2043EAD10064BDAE /* Frameworks */,
				4F86B64B2043EAD10064BDAE /* Resources */,
				5A3A044825B606E2B5FEDB26 /* [CP] Embed Pods Frameworks */,
				601E97AD97623171531F7E75 /* [CP] Copy Pods Resources */,
			);
			buildRules = (
			);
			dependencies = (
			);
			name = K3Pinyin_example;
			productName = K3Pinyin_example;
			productReference = 4F86B64D2043EAD10064BDAE /* K3Pinyin_example.app */;
			productType = "com.apple.product-type.application";
		};
/* End PBXNativeTarget section */

/* Begin PBXProject section */
		4F86B6452043EAD10064BDAE /* Project object */ = {
			isa = PBXProject;
			attributes = {
				LastSwiftUpdateCheck = 0920;
				LastUpgradeCheck = 0920;
				ORGANIZATIONNAME = "Crazy凡";
				TargetAttributes = {
					4F86B64C2043EAD10064BDAE = {
						CreatedOnToolsVersion = 9.2;
						ProvisioningStyle = Automatic;
					};
				};
			};
			buildConfigurationList = 4F86B6482043EAD10064BDAE /* Build configuration list for PBXProject "K3Pinyin_example" */;
			compatibilityVersion = "Xcode 8.0";
			developmentRegion = en;
			hasScannedForEncodings = 0;
			knownRegions = (
				en,
				Base,
			);
			mainGroup = 4F86B6442043EAD10064BDAE;
			productRefGroup = 4F86B64E2043EAD10064BDAE /* Products */;
			projectDirPath = "";
			projectRoot = "";
			targets = (
				4F86B64C2043EAD10064BDAE /* K3Pinyin_example */,
			);
		};
/* End PBXProject section */

/* Begin PBXResourcesBuildPhase section */
		4F86B64B2043EAD10064BDAE /* Resources */ = {
			isa = PBXResourcesBuildPhase;
			buildActionMask = 2147483647;
			files = (
				4F86B65B2043EAD10064BDAE /* LaunchScreen.storyboard in Resources */,
				4F86B6582043EAD10064BDAE /* Assets.xcassets in Resources */,
			);
			runOnlyForDeploymentPostprocessing = 0;
		};
/* End PBXResourcesBuildPhase section */

/* Begin PBXShellScriptBuildPhase section */
		481709D346360BEB90EDABA0 /* [CP] Check Pods Manifest.lock */ = {
			isa = PBXShellScriptBuildPhase;
			buildActionMask = 2147483647;
			files = (
			);
			inputPaths = (
				"${PODS_PODFILE_DIR_PATH}/Podfile.lock",
				"${PODS_ROOT}/Manifest.lock",
			);
			name = "[CP] Check Pods Manifest.lock";
			outputPaths = (
				"$(DERIVED_FILE_DIR)/Pods-K3Pinyin_example-checkManifestLockResult.txt",
			);
			runOnlyForDeploymentPostprocessing = 0;
			shellPath = /bin/sh;
			shellScript = "diff \"${PODS_PODFILE_DIR_PATH}/Podfile.lock\" \"${PODS_ROOT}/Manifest.lock\" > /dev/null\nif [ $? != 0 ] ; then\n    # print error to STDERR\n    echo \"error: The sandbox is not in sync with the Podfile.lock. Run 'pod install' or update your CocoaPods installation.\" >&2\n    exit 1\nfi\n# This output is used by Xcode 'outputs' to avoid re-running this script phase.\necho \"SUCCESS\" > \"${SCRIPT_OUTPUT_FILE_0}\"\n";
			showEnvVarsInLog = 0;
		};
		5A3A044825B606E2B5FEDB26 /* [CP] Embed Pods Frameworks */ = {
			isa = PBXShellScriptBuildPhase;
			buildActionMask = 2147483647;
			files = (
			);
			inputPaths = (
				"${SRCROOT}/Pods/Target Support Files/Pods-K3Pinyin_example/Pods-K3Pinyin_example-frameworks.sh",
				"${BUILT_PRODUCTS_DIR}/K3Pinyin/K3Pinyin.framework",
			);
			name = "[CP] Embed Pods Frameworks";
			outputPaths = (
				"${TARGET_BUILD_DIR}/${FRAMEWORKS_FOLDER_PATH}/K3Pinyin.framework",
			);
			runOnlyForDeploymentPostprocessing = 0;
			shellPath = /bin/sh;
			shellScript = "\"${SRCROOT}/Pods/Target Support Files/Pods-K3Pinyin_example/Pods-K3Pinyin_example-frameworks.sh\"\n";
			showEnvVarsInLog = 0;
		};
		601E97AD97623171531F7E75 /* [CP] Copy Pods Resources */ = {
			isa = PBXShellScriptBuildPhase;
			buildActionMask = 2147483647;
			files = (
			);
			inputPaths = (
			);
			name = "[CP] Copy Pods Resources";
			outputPaths = (
			);
			runOnlyForDeploymentPostprocessing = 0;
			shellPath = /bin/sh;
			shellScript = "\"${SRCROOT}/Pods/Target Support Files/Pods-K3Pinyin_example/Pods-K3Pinyin_example-resources.sh\"\n";
			showEnvVarsInLog = 0;
		};
/* End PBXShellScriptBuildPhase section */

/* Begin PBXSourcesBuildPhase section */
		4F86B6492043EAD10064BDAE /* Sources */ = {
			isa = PBXSourcesBuildPhase;
			buildActionMask = 2147483647;
			files = (
				4F86B6532043EAD10064BDAE /* ViewController.swift in Sources */,
				4F86B6512043EAD10064BDAE /* AppDelegate.swift in Sources */,
			);
			runOnlyForDeploymentPostprocessing = 0;
		};
/* End PBXSourcesBuildPhase section */

/* Begin PBXVariantGroup section */
		4F86B6592043EAD10064BDAE /* LaunchScreen.storyboard */ = {
			isa = PBXVariantGroup;
			children = (
				4F86B65A2043EAD10064BDAE /* Base */,
			);
			name = LaunchScreen.storyboard;
			sourceTree = "<group>";
		};
/* End PBXVariantGroup section */

/* Begin XCBuildConfiguration section */
		4F86B6732043EAD10064BDAE /* Debug */ = {
			isa = XCBuildConfiguration;
			buildSettings = {
				ALWAYS_SEARCH_USER_PATHS = NO;
				CLANG_ANALYZER_NONNULL = YES;
				CLANG_ANALYZER_NUMBER_OBJECT_CONVERSION = YES_AGGRESSIVE;
				CLANG_CXX_LANGUAGE_STANDARD = "gnu++14";
				CLANG_CXX_LIBRARY = "libc++";
				CLANG_ENABLE_MODULES = YES;
				CLANG_ENABLE_OBJC_ARC = YES;
				CLANG_WARN_BLOCK_CAPTURE_AUTORELEASING = YES;
				CLANG_WARN_BOOL_CONVERSION = YES;
				CLANG_WARN_COMMA = YES;
				CLANG_WARN_CONSTANT_CONVERSION = YES;
				CLANG_WARN_DIRECT_OBJC_ISA_USAGE = YES_ERROR;
				CLANG_WARN_DOCUMENTATION_COMMENTS = YES;
				CLANG_WARN_EMPTY_BODY = YES;
				CLANG_WARN_ENUM_CONVERSION = YES;
				CLANG_WARN_INFINITE_RECURSION = YES;
				CLANG_WARN_INT_CONVERSION = YES;
				CLANG_WARN_NON_LITERAL_NULL_CONVERSION = YES;
				CLANG_WARN_OBJC_LITERAL_CONVERSION = YES;
				CLANG_WARN_OBJC_ROOT_CLASS = YES_ERROR;
				CLANG_WARN_RANGE_LOOP_ANALYSIS = YES;
				CLANG_WARN_STRICT_PROTOTYPES = YES;
				CLANG_WARN_SUSPICIOUS_MOVE = YES;
				CLANG_WARN_UNGUARDED_AVAILABILITY = YES_AGGRESSIVE;
				CLANG_WARN_UNREACHABLE_CODE = YES;
				CLANG_WARN__DUPLICATE_METHOD_MATCH = YES;
				CODE_SIGN_IDENTITY = "iPhone Developer";
				COPY_PHASE_STRIP = NO;
				DEBUG_INFORMATION_FORMAT = dwarf;
				ENABLE_STRICT_OBJC_MSGSEND = YES;
				ENABLE_TESTABILITY = YES;
				GCC_C_LANGUAGE_STANDARD = gnu11;
				GCC_DYNAMIC_NO_PIC = NO;
				GCC_NO_COMMON_BLOCKS = YES;
				GCC_OPTIMIZATION_LEVEL = 0;
				GCC_PREPROCESSOR_DEFINITIONS = (
					"DEBUG=1",
					"$(inherited)",
				);
				GCC_WARN_64_TO_32_BIT_CONVERSION = YES;
				GCC_WARN_ABOUT_RETURN_TYPE = YES_ERROR;
				GCC_WARN_UNDECLARED_SELECTOR = YES;
				GCC_WARN_UNINITIALIZED_AUTOS = YES_AGGRESSIVE;
				GCC_WARN_UNUSED_FUNCTION = YES;
				GCC_WARN_UNUSED_VARIABLE = YES;
				IPHONEOS_DEPLOYMENT_TARGET = 11.2;
				MTL_ENABLE_DEBUG_INFO = YES;
				ONLY_ACTIVE_ARCH = YES;
				SDKROOT = iphoneos;
				SWIFT_ACTIVE_COMPILATION_CONDITIONS = DEBUG;
				SWIFT_OPTIMIZATION_LEVEL = "-Onone";
			};
			name = Debug;
		};
		4F86B6742043EAD10064BDAE /* Release */ = {
			isa = XCBuildConfiguration;
			buildSettings = {
				ALWAYS_SEARCH_USER_PATHS = NO;
				CLANG_ANALYZER_NONNULL = YES;
				CLANG_ANALYZER_NUMBER_OBJECT_CONVERSION = YES_AGGRESSIVE;
				CLANG_CXX_LANGUAGE_STANDARD = "gnu++14";
				CLANG_CXX_LIBRARY = "libc++";
				CLANG_ENABLE_MODULES = YES;
				CLANG_ENABLE_OBJC_ARC = YES;
				CLANG_WARN_BLOCK_CAPTURE_AUTORELEASING = YES;
				CLANG_WARN_BOOL_CONVERSION = YES;
				CLANG_WARN_COMMA = YES;
				CLANG_WARN_CONSTANT_CONVERSION = YES;
				CLANG_WARN_DIRECT_OBJC_ISA_USAGE = YES_ERROR;
				CLANG_WARN_DOCUMENTATION_COMMENTS = YES;
				CLANG_WARN_EMPTY_BODY = YES;
				CLANG_WARN_ENUM_CONVERSION = YES;
				CLANG_WARN_INFINITE_RECURSION = YES;
				CLANG_WARN_INT_CONVERSION = YES;
				CLANG_WARN_NON_LITERAL_NULL_CONVERSION = YES;
				CLANG_WARN_OBJC_LITERAL_CONVERSION = YES;
				CLANG_WARN_OBJC_ROOT_CLASS = YES_ERROR;
				CLANG_WARN_RANGE_LOOP_ANALYSIS = YES;
				CLANG_WARN_STRICT_PROTOTYPES = YES;
				CLANG_WARN_SUSPICIOUS_MOVE = YES;
				CLANG_WARN_UNGUARDED_AVAILABILITY = YES_AGGRESSIVE;
				CLANG_WARN_UNREACHABLE_CODE = YES;
				CLANG_WARN__DUPLICATE_METHOD_MATCH = YES;
				CODE_SIGN_IDENTITY = "iPhone Developer";
				COPY_PHASE_STRIP = NO;
				DEBUG_INFORMATION_FORMAT = "dwarf-with-dsym";
				ENABLE_NS_ASSERTIONS = NO;
				ENABLE_STRICT_OBJC_MSGSEND = YES;
				GCC_C_LANGUAGE_STANDARD = gnu11;
				GCC_NO_COMMON_BLOCKS = YES;
				GCC_WARN_64_TO_32_BIT_CONVERSION = YES;
				GCC_WARN_ABOUT_RETURN_TYPE = YES_ERROR;
				GCC_WARN_UNDECLARED_SELECTOR = YES;
				GCC_WARN_UNINITIALIZED_AUTOS = YES_AGGRESSIVE;
				GCC_WARN_UNUSED_FUNCTION = YES;
				GCC_WARN_UNUSED_VARIABLE = YES;
				IPHONEOS_DEPLOYMENT_TARGET = 11.2;
				MTL_ENABLE_DEBUG_INFO = NO;
				SDKROOT = iphoneos;
				SWIFT_OPTIMIZATION_LEVEL = "-Owholemodule";
				VALIDATE_PRODUCT = YES;
			};
			name = Release;
		};
		4F86B6762043EAD10064BDAE /* Debug */ = {
			isa = XCBuildConfiguration;
			baseConfigurationReference = DD5477AC3A690A7397DED0B5 /* Pods-K3Pinyin_example.debug.xcconfig */;
			buildSettings = {
				ASSETCATALOG_COMPILER_APPICON_NAME = AppIcon;
				CODE_SIGN_STYLE = Automatic;
				DEVELOPMENT_TEAM = FAH45WPA2T;
				INFOPLIST_FILE = K3Pinyin_example/Info.plist;
				IPHONEOS_DEPLOYMENT_TARGET = 8.0;
				LD_RUNPATH_SEARCH_PATHS = "$(inherited) @executable_path/Frameworks";
				PRODUCT_BUNDLE_IDENTIFIER = "com.crazyfan.K3Pinyin-example";
				PRODUCT_NAME = "$(TARGET_NAME)";
				SWIFT_VERSION = 4.0;
				TARGETED_DEVICE_FAMILY = "1,2";
			};
			name = Debug;
		};
		4F86B6772043EAD10064BDAE /* Release */ = {
			isa = XCBuildConfiguration;
			baseConfigurationReference = 3392F8B31D34DF23E57461DC /* Pods-K3Pinyin_example.release.xcconfig */;
			buildSettings = {
				ASSETCATALOG_COMPILER_APPICON_NAME = AppIcon;
				CODE_SIGN_STYLE = Automatic;
				DEVELOPMENT_TEAM = FAH45WPA2T;
				INFOPLIST_FILE = K3Pinyin_example/Info.plist;
				IPHONEOS_DEPLOYMENT_TARGET = 8.0;
				LD_RUNPATH_SEARCH_PATHS = "$(inherited) @executable_path/Frameworks";
				PRODUCT_BUNDLE_IDENTIFIER = "com.crazyfan.K3Pinyin-example";
				PRODUCT_NAME = "$(TARGET_NAME)";
				SWIFT_VERSION = 4.0;
				TARGETED_DEVICE_FAMILY = "1,2";
			};
			name = Release;
		};
/* End XCBuildConfiguration section */

/* Begin XCConfigurationList section */
		4F86B6482043EAD10064BDAE /* Build configuration list for PBXProject "K3Pinyin_example" */ = {
			isa = XCConfigurationList;
			buildConfigurations = (
				4F86B6732043EAD10064BDAE /* Debug */,
				4F86B6742043EAD10064BDAE /* Release */,
			);
			defaultConfigurationIsVisible = 0;
			defaultConfigurationName = Release;
		};
		4F86B6752043EAD10064BDAE /* Build configuration list for PBXNativeTarget "K3Pinyin_example" */ = {
			isa = XCConfigurationList;
			buildConfigurations = (
				4F86B6762043EAD10064BDAE /* Debug */,
				4F86B6772043EAD10064BDAE /* Release */,
			);
			defaultConfigurationIsVisible = 0;
			defaultConfigurationName = Release;
		};
/* End XCConfigurationList section */
	};
	rootObject = 4F86B6452043EAD10064BDAE /* Project object */;
}
