// !$*UTF8*$!
{
	archiveVersion = 1;
	classes = {
	};
	objectVersion = 48;
	objects = {

/* Begin PBXBuildFile section */
		18B23DC1FCF74ABB5CED14EA28AE0C61 /* Assets.xcassets in Resources */ = {isa = PBXBuildFile; fileRef = DC0E9DB9215BBBEC6D77BBA200E9B9DD /* Assets.xcassets */; };
		76B45E87453437A2B71AC79C34BED3C1 /* LaunchScreen.storyboard in Resources */ = {isa = PBXBuildFile; fileRef = 25A2D5AACB50198278CEDDE65183F8C1 /* LaunchScreen.storyboard */; };
		A377951CB6BC1453105292EF9CD440A9 /* AppDelegate.swift in Sources */ = {isa = PBXBuildFile; fileRef = 170097A2E8400322BCE35CD8DE9049DB /* AppDelegate.swift */; };
		AB93A7CA1AB72314A6AFF6386D0F3A9B /* ViewController.swift in Sources */ = {isa = PBXBuildFile; fileRef = 7E1EEF1AF24DE125FEE07B9430ABC888 /* ViewController.swift */; };
		BF058EDDF5BA85F274A63E6AD724080D /* Pods_K3Pinyin_example.framework in Frameworks */ = {isa = PBXBuildFile; fileRef = 714DA54D4B1E60A68D29D8A734156294 /* Pods_K3Pinyin_example.framework */; };
/* End PBXBuildFile section */

/* Begin PBXFileReference section */
		170097A2E8400322BCE35CD8DE9049DB /* AppDelegate.swift */ = {isa = PBXFileReference; lastKnownFileType = sourcecode.swift; path = AppDelegate.swift; sourceTree = "<group>"; };
		52486643FCEA5F1438FE4143436C120F /* Base */ = {isa = PBXFileReference; lastKnownFileType = file.storyboard; name = Base; path = Base.lproj/LaunchScreen.storyboard; sourceTree = "<group>"; };
		714DA54D4B1E60A68D29D8A734156294 /* Pods_K3Pinyin_example.framework */ = {isa = PBXFileReference; explicitFileType = wrapper.framework; includeInIndex = 0; path = Pods_K3Pinyin_example.framework; sourceTree = BUILT_PRODUCTS_DIR; };
		7E1EEF1AF24DE125FEE07B9430ABC888 /* ViewController.swift */ = {isa = PBXFileReference; lastKnownFileType = sourcecode.swift; path = ViewController.swift; sourceTree = "<group>"; };
		8586DA83C899AD39438C7D36992FF674 /* Info.plist */ = {isa = PBXFileReference; lastKnownFileType = text.plist.xml; path = Info.plist; sourceTree = "<group>"; };
		BE7189467E95D6E601F27C5ED404C828 /* Pods-K3Pinyin_example.release.xcconfig */ = {isa = PBXFileReference; includeInIndex = 1; lastKnownFileType = text.xcconfig; name = "Pods-K3Pinyin_example.release.xcconfig"; path = "Pods/Target Support Files/Pods-K3Pinyin_example/Pods-K3Pinyin_example.release.xcconfig"; sourceTree = "<group>"; };
		C2C343F7A2E709400D57603B85F02886 /* Pods-K3Pinyin_example.debug.xcconfig */ = {isa = PBXFileReference; includeInIndex = 1; lastKnownFileType = text.xcconfig; name = "Pods-K3Pinyin_example.debug.xcconfig"; path = "Pods/Target Support Files/Pods-K3Pinyin_example/Pods-K3Pinyin_example.debug.xcconfig"; sourceTree = "<group>"; };
		C5E1AA8F88CEFD798EEBFA5920FD7D47 /* K3Pinyin_example.app */ = {isa = PBXFileReference; explicitFileType = wrapper.application; includeInIndex = 0; path = K3Pinyin_example.app; sourceTree = BUILT_PRODUCTS_DIR; };
		DC0E9DB9215BBBEC6D77BBA200E9B9DD /* Assets.xcassets */ = {isa = PBXFileReference; lastKnownFileType = folder.assetcatalog; path = Assets.xcassets; sourceTree = "<group>"; };
/* End PBXFileReference section */

/* Begin PBXFrameworksBuildPhase section */
		52481CF4FA4713005890425F53BF8350 /* Frameworks */ = {
			isa = PBXFrameworksBuildPhase;
			buildActionMask = 2147483647;
			files = (
				BF058EDDF5BA85F274A63E6AD724080D /* Pods_K3Pinyin_example.framework in Frameworks */,
			);
			runOnlyForDeploymentPostprocessing = 0;
		};
/* End PBXFrameworksBuildPhase section */

/* Begin PBXGroup section */
		327C1F13ADE4E98DDD708DED4A8872AF = {
			isa = PBXGroup;
			children = (
				E5035CC5ACFECC49B67BB3FFA2B6BD61 /* Frameworks */,
				BDF9F68F18B942770A7EC12E0420B876 /* K3Pinyin_example */,
				A20F85A724BC706DB44D6DA82FD9B063 /* Pods */,
				B6C5CA275AD809EE4B93B62CD4C3A40A /* Products */,
			);
			sourceTree = "<group>";
		};
		B6C5CA275AD809EE4B93B62CD4C3A40A /* Products */ = {
			isa = PBXGroup;
			children = (
				C5E1AA8F88CEFD798EEBFA5920FD7D47 /* K3Pinyin_example.app */,
			);
			name = Products;
			sourceTree = "<group>";
		};
		BDF9F68F18B942770A7EC12E0420B876 /* K3Pinyin_example */ = {
			isa = PBXGroup;
			children = (
				170097A2E8400322BCE35CD8DE9049DB /* AppDelegate.swift */,
				DC0E9DB9215BBBEC6D77BBA200E9B9DD /* Assets.xcassets */,
				8586DA83C899AD39438C7D36992FF674 /* Info.plist */,
				25A2D5AACB50198278CEDDE65183F8C1 /* LaunchScreen.storyboard */,
				7E1EEF1AF24DE125FEE07B9430ABC888 /* ViewController.swift */,
			);
			path = K3Pinyin_example;
			sourceTree = "<group>";
		};
		E5035CC5ACFECC49B67BB3FFA2B6BD61 /* Frameworks */ = {
			isa = PBXGroup;
			children = (
				714DA54D4B1E60A68D29D8A734156294 /* Pods_K3Pinyin_example.framework */,
			);
			name = Frameworks;
			sourceTree = "<group>";
		};
		A20F85A724BC706DB44D6DA82FD9B063 /* Pods */ = {
			isa = PBXGroup;
			children = (
				C2C343F7A2E709400D57603B85F02886 /* Pods-K3Pinyin_example.debug.xcconfig */,
				BE7189467E95D6E601F27C5ED404C828 /* Pods-K3Pinyin_example.release.xcconfig */,
			);
			name = Pods;
			sourceTree = "<group>";
		};
/* End PBXGroup section */

/* Begin PBXNativeTarget section */
		BF93EF2AE840C6D07B8E28F2649B2EEF /* K3Pinyin_example */ = {
			isa = PBXNativeTarget;
			buildConfigurationList = 7F3CAC3A8464C8AF4854951F436F6E63 /* Build configuration list for PBXNativeTarget "K3Pinyin_example" */;
			buildPhases = (
				7E21E2E3F9E3AA8E208A04C22E11059E /* [CP] Check Pods Manifest.lock */,
				7BD528AD4AEDAA0AFBE55622CFE13F0F /* Sources */,
				52481CF4FA4713005890425F53BF8350 /* Frameworks */,
				F3E0ABCF0362EB9C638A675A14FF1ABB /* Resources */,
				4C56B3AABEA36F99D804EA67AFB639FB /* [CP] Embed Pods Frameworks */,
				F70CC205FE138266E350214D6337F604 /* [CP] Copy Pods Resources */,
			);
			buildRules = (
			);
			dependencies = (
			);
			name = K3Pinyin_example;
			productName = K3Pinyin_example;
			productReference = C5E1AA8F88CEFD798EEBFA5920FD7D47 /* K3Pinyin_example.app */;
			productType = "com.apple.product-type.application";
		};
/* End PBXNativeTarget section */

/* Begin PBXProject section */
		0AD4DA20DA763D7BC4704ED899AF9511 /* Project object */ = {
			isa = PBXProject;
			attributes = {
				LastSwiftUpdateCheck = 0920;
				LastUpgradeCheck = 0920;
				ORGANIZATIONNAME = "Crazy凡";
				TargetAttributes = {
					BF93EF2AE840C6D07B8E28F2649B2EEF = {
						CreatedOnToolsVersion = 9.2;
						ProvisioningStyle = Automatic;
					};
				};
			};
			buildConfigurationList = 86D92DF9915C3E89D79428EE8C578DE9 /* Build configuration list for PBXProject "K3Pinyin_example" */;
			compatibilityVersion = "Xcode 8.0";
			developmentRegion = en;
			hasScannedForEncodings = 0;
			knownRegions = (
				en,
				Base,
			);
			mainGroup = 327C1F13ADE4E98DDD708DED4A8872AF;
			productRefGroup = B6C5CA275AD809EE4B93B62CD4C3A40A /* Products */;
			projectDirPath = "";
			projectRoot = "";
			targets = (
				BF93EF2AE840C6D07B8E28F2649B2EEF /* K3Pinyin_example */,
			);
		};
/* End PBXProject section */

/* Begin PBXResourcesBuildPhase section */
		F3E0ABCF0362EB9C638A675A14FF1ABB /* Resources */ = {
			isa = PBXResourcesBuildPhase;
			buildActionMask = 2147483647;
			files = (
				18B23DC1FCF74ABB5CED14EA28AE0C61 /* Assets.xcassets in Resources */,
				76B45E87453437A2B71AC79C34BED3C1 /* LaunchScreen.storyboard in Resources */,
			);
			runOnlyForDeploymentPostprocessing = 0;
		};
/* End PBXResourcesBuildPhase section */

/* Begin PBXShellScriptBuildPhase section */
		7E21E2E3F9E3AA8E208A04C22E11059E /* [CP] Check Pods Manifest.lock */ = {
			isa = PBXShellScriptBuildPhase;
			buildActionMask = 2147483647;
			files = (
			);
			inputPaths = (
				"${PODS_PODFILE_DIR_PATH}/Podfile.lock",
				"${PODS_ROOT}/Manifest.lock",
			);
			name = "[CP] Check Pods Manifest.lock";
			outputPaths = (
				"$(DERIVED_FILE_DIR)/Pods-K3Pinyin_example-checkManifestLockResult.txt",
			);
			runOnlyForDeploymentPostprocessing = 0;
			shellPath = /bin/sh;
			shellScript = "diff \"${PODS_PODFILE_DIR_PATH}/Podfile.lock\" \"${PODS_ROOT}/Manifest.lock\" > /dev/null\nif [ $? != 0 ] ; then\n    # print error to STDERR\n    echo \"error: The sandbox is not in sync with the Podfile.lock. Run 'pod install' or update your CocoaPods installation.\" >&2\n    exit 1\nfi\n# This output is used by Xcode 'outputs' to avoid re-running this script phase.\necho \"SUCCESS\" > \"${SCRIPT_OUTPUT_FILE_0}\"\n";
			showEnvVarsInLog = 0;
		};
		4C56B3AABEA36F99D804EA67AFB639FB /* [CP] Embed Pods Frameworks */ = {
			isa = PBXShellScriptBuildPhase;
			buildActionMask = 2147483647;
			files = (
			);
			inputPaths = (
				"${SRCROOT}/Pods/Target Support Files/Pods-K3Pinyin_example/Pods-K3Pinyin_example-frameworks.sh",
				"${BUILT_PRODUCTS_DIR}/K3Pinyin/K3Pinyin.framework",
			);
			name = "[CP] Embed Pods Frameworks";
			outputPaths = (
				"${TARGET_BUILD_DIR}/${FRAMEWORKS_FOLDER_PATH}/K3Pinyin.framework",
			);
			runOnlyForDeploymentPostprocessing = 0;
			shellPath = /bin/sh;
			shellScript = "\"${SRCROOT}/Pods/Target Support Files/Pods-K3Pinyin_example/Pods-K3Pinyin_example-frameworks.sh\"\n";
			showEnvVarsInLog = 0;
		};
		F70CC205FE138266E350214D6337F604 /* [CP] Copy Pods Resources */ = {
			isa = PBXShellScriptBuildPhase;
			buildActionMask = 2147483647;
			files = (
			);
			inputPaths = (
			);
			name = "[CP] Copy Pods Resources";
			outputPaths = (
			);
			runOnlyForDeploymentPostprocessing = 0;
			shellPath = /bin/sh;
			shellScript = "\"${SRCROOT}/Pods/Target Support Files/Pods-K3Pinyin_example/Pods-K3Pinyin_example-resources.sh\"\n";
			showEnvVarsInLog = 0;
		};
/* End PBXShellScriptBuildPhase section */

/* Begin PBXSourcesBuildPhase section */
		7BD528AD4AEDAA0AFBE55622CFE13F0F /* Sources */ = {
			isa = PBXSourcesBuildPhase;
			buildActionMask = 2147483647;
			files = (
				A377951CB6BC1453105292EF9CD440A9 /* AppDelegate.swift in Sources */,
				AB93A7CA1AB72314A6AFF6386D0F3A9B /* ViewController.swift in Sources */,
			);
			runOnlyForDeploymentPostprocessing = 0;
		};
/* End PBXSourcesBuildPhase section */

/* Begin PBXVariantGroup section */
		25A2D5AACB50198278CEDDE65183F8C1 /* LaunchScreen.storyboard */ = {
			isa = PBXVariantGroup;
			children = (
				52486643FCEA5F1438FE4143436C120F /* Base */,
			);
			name = LaunchScreen.storyboard;
			sourceTree = "<group>";
		};
/* End PBXVariantGroup section */

/* Begin XCBuildConfiguration section */
		B506B32A77AC63A457C8D0C42D104BD9 /* Debug */ = {
			isa = XCBuildConfiguration;
			buildSettings = {
				ALWAYS_SEARCH_USER_PATHS = NO;
				CLANG_ANALYZER_NONNULL = YES;
				CLANG_ANALYZER_NUMBER_OBJECT_CONVERSION = YES_AGGRESSIVE;
				CLANG_CXX_LANGUAGE_STANDARD = "gnu++14";
				CLANG_CXX_LIBRARY = "libc++";
				CLANG_ENABLE_MODULES = YES;
				CLANG_ENABLE_OBJC_ARC = YES;
				CLANG_WARN_BLOCK_CAPTURE_AUTORELEASING = YES;
				CLANG_WARN_BOOL_CONVERSION = YES;
				CLANG_WARN_COMMA = YES;
				CLANG_WARN_CONSTANT_CONVERSION = YES;
				CLANG_WARN_DIRECT_OBJC_ISA_USAGE = YES_ERROR;
				CLANG_WARN_DOCUMENTATION_COMMENTS = YES;
				CLANG_WARN_EMPTY_BODY = YES;
				CLANG_WARN_ENUM_CONVERSION = YES;
				CLANG_WARN_INFINITE_RECURSION = YES;
				CLANG_WARN_INT_CONVERSION = YES;
				CLANG_WARN_NON_LITERAL_NULL_CONVERSION = YES;
				CLANG_WARN_OBJC_LITERAL_CONVERSION = YES;
				CLANG_WARN_OBJC_ROOT_CLASS = YES_ERROR;
				CLANG_WARN_RANGE_LOOP_ANALYSIS = YES;
				CLANG_WARN_STRICT_PROTOTYPES = YES;
				CLANG_WARN_SUSPICIOUS_MOVE = YES;
				CLANG_WARN_UNGUARDED_AVAILABILITY = YES_AGGRESSIVE;
				CLANG_WARN_UNREACHABLE_CODE = YES;
				CLANG_WARN__DUPLICATE_METHOD_MATCH = YES;
				CODE_SIGN_IDENTITY = "iPhone Developer";
				COPY_PHASE_STRIP = NO;
				DEBUG_INFORMATION_FORMAT = dwarf;
				ENABLE_STRICT_OBJC_MSGSEND = YES;
				ENABLE_TESTABILITY = YES;
				GCC_C_LANGUAGE_STANDARD = gnu11;
				GCC_DYNAMIC_NO_PIC = NO;
				GCC_NO_COMMON_BLOCKS = YES;
				GCC_OPTIMIZATION_LEVEL = 0;
				GCC_PREPROCESSOR_DEFINITIONS = (
					"DEBUG=1",
					"$(inherited)",
				);
				GCC_WARN_64_TO_32_BIT_CONVERSION = YES;
				GCC_WARN_ABOUT_RETURN_TYPE = YES_ERROR;
				GCC_WARN_UNDECLARED_SELECTOR = YES;
				GCC_WARN_UNINITIALIZED_AUTOS = YES_AGGRESSIVE;
				GCC_WARN_UNUSED_FUNCTION = YES;
				GCC_WARN_UNUSED_VARIABLE = YES;
				IPHONEOS_DEPLOYMENT_TARGET = 11.2;
				MTL_ENABLE_DEBUG_INFO = YES;
				ONLY_ACTIVE_ARCH = YES;
				SDKROOT = iphoneos;
				SWIFT_ACTIVE_COMPILATION_CONDITIONS = DEBUG;
				SWIFT_OPTIMIZATION_LEVEL = "-Onone";
			};
			name = Debug;
		};
		398943266A4CFF707F0C8D88821B5294 /* Release */ = {
			isa = XCBuildConfiguration;
			buildSettings = {
				ALWAYS_SEARCH_USER_PATHS = NO;
				CLANG_ANALYZER_NONNULL = YES;
				CLANG_ANALYZER_NUMBER_OBJECT_CONVERSION = YES_AGGRESSIVE;
				CLANG_CXX_LANGUAGE_STANDARD = "gnu++14";
				CLANG_CXX_LIBRARY = "libc++";
				CLANG_ENABLE_MODULES = YES;
				CLANG_ENABLE_OBJC_ARC = YES;
				CLANG_WARN_BLOCK_CAPTURE_AUTORELEASING = YES;
				CLANG_WARN_BOOL_CONVERSION = YES;
				CLANG_WARN_COMMA = YES;
				CLANG_WARN_CONSTANT_CONVERSION = YES;
				CLANG_WARN_DIRECT_OBJC_ISA_USAGE = YES_ERROR;
				CLANG_WARN_DOCUMENTATION_COMMENTS = YES;
				CLANG_WARN_EMPTY_BODY = YES;
				CLANG_WARN_ENUM_CONVERSION = YES;
				CLANG_WARN_INFINITE_RECURSION = YES;
				CLANG_WARN_INT_CONVERSION = YES;
				CLANG_WARN_NON_LITERAL_NULL_CONVERSION = YES;
				CLANG_WARN_OBJC_LITERAL_CONVERSION = YES;
				CLANG_WARN_OBJC_ROOT_CLASS = YES_ERROR;
				CLANG_WARN_RANGE_LOOP_ANALYSIS = YES;
				CLANG_WARN_STRICT_PROTOTYPES = YES;
				CLANG_WARN_SUSPICIOUS_MOVE = YES;
				CLANG_WARN_UNGUARDED_AVAILABILITY = YES_AGGRESSIVE;
				CLANG_WARN_UNREACHABLE_CODE = YES;
				CLANG_WARN__DUPLICATE_METHOD_MATCH = YES;
				CODE_SIGN_IDENTITY = "iPhone Developer";
				COPY_PHASE_STRIP = NO;
				DEBUG_INFORMATION_FORMAT = "dwarf-with-dsym";
				ENABLE_NS_ASSERTIONS = NO;
				ENABLE_STRICT_OBJC_MSGSEND = YES;
				GCC_C_LANGUAGE_STANDARD = gnu11;
				GCC_NO_COMMON_BLOCKS = YES;
				GCC_WARN_64_TO_32_BIT_CONVERSION = YES;
				GCC_WARN_ABOUT_RETURN_TYPE = YES_ERROR;
				GCC_WARN_UNDECLARED_SELECTOR = YES;
				GCC_WARN_UNINITIALIZED_AUTOS = YES_AGGRESSIVE;
				GCC_WARN_UNUSED_FUNCTION = YES;
				GCC_WARN_UNUSED_VARIABLE = YES;
				IPHONEOS_DEPLOYMENT_TARGET = 11.2;
				MTL_ENABLE_DEBUG_INFO = NO;
				SDKROOT = iphoneos;
				SWIFT_OPTIMIZATION_LEVEL = "-Owholemodule";
				VALIDATE_PRODUCT = YES;
			};
			name = Release;
		};
		99E3513149D444311B7EEA4A82FA067B /* Debug */ = {
			isa = XCBuildConfiguration;
			baseConfigurationReference = C2C343F7A2E709400D57603B85F02886 /* Pods-K3Pinyin_example.debug.xcconfig */;
			buildSettings = {
				ASSETCATALOG_COMPILER_APPICON_NAME = AppIcon;
				CODE_SIGN_STYLE = Automatic;
				DEVELOPMENT_TEAM = FAH45WPA2T;
				INFOPLIST_FILE = K3Pinyin_example/Info.plist;
				IPHONEOS_DEPLOYMENT_TARGET = 8.0;
				LD_RUNPATH_SEARCH_PATHS = "$(inherited) @executable_path/Frameworks";
				PRODUCT_BUNDLE_IDENTIFIER = "com.crazyfan.K3Pinyin-example";
				PRODUCT_NAME = "$(TARGET_NAME)";
				SWIFT_VERSION = 4.0;
				TARGETED_DEVICE_FAMILY = "1,2";
			};
			name = Debug;
		};
		0E994616499F515A933D48057CEA932F /* Release */ = {
			isa = XCBuildConfiguration;
			baseConfigurationReference = BE7189467E95D6E601F27C5ED404C828 /* Pods-K3Pinyin_example.release.xcconfig */;
			buildSettings = {
				ASSETCATALOG_COMPILER_APPICON_NAME = AppIcon;
				CODE_SIGN_STYLE = Automatic;
				DEVELOPMENT_TEAM = FAH45WPA2T;
				INFOPLIST_FILE = K3Pinyin_example/Info.plist;
				IPHONEOS_DEPLOYMENT_TARGET = 8.0;
				LD_RUNPATH_SEARCH_PATHS = "$(inherited) @executable_path/Frameworks";
				PRODUCT_BUNDLE_IDENTIFIER = "com.crazyfan.K3Pinyin-example";
				PRODUCT_NAME = "$(TARGET_NAME)";
				SWIFT_VERSION = 4.0;
				TARGETED_DEVICE_FAMILY = "1,2";
			};
			name = Release;
		};
/* End XCBuildConfiguration section */

/* Begin XCConfigurationList section */
		86D92DF9915C3E89D79428EE8C578DE9 /* Build configuration list for PBXProject "K3Pinyin_example" */ = {
			isa = XCConfigurationList;
			buildConfigurations = (
				B506B32A77AC63A457C8D0C42D104BD9 /* Debug */,
				398943266A4CFF707F0C8D88821B5294 /* Release */,
			);
			defaultConfigurationIsVisible = 0;
			defaultConfigurationName = Release;
		};
		7F3CAC3A8464C8AF4854951F436F6E63 /* Build configuration list for PBXNativeTarget "K3Pinyin_example" */ = {
			isa = XCConfigurationList;
			buildConfigurations = (
				99E3513149D444311B7EEA4A82FA067B /* Debug */,
				0E994616499F515A933D48057CEA932F /* Release */,
			);
			defaultConfigurationIsVisible = 0;
			defaultConfigurationName = Release;
		};
/* End XCConfigurationList section */
	};
	rootObject = 0AD4DA20DA763D7BC4704ED899AF9511 /* Project object */;
}
