PODS:
  - K3Base (0.0.4)
  - K3Pinyin (0.0.4):
    - K3Base

DEPENDENCIES:
  - K3Base (= 0.0.4)
  - K3Pinyin (from `./`)

SPEC REPOS:
  https://github.com/cocoapods/specs.git:
    - K3Base

EXTERNAL SOURCES:
  K3Pinyin:
    :path: "./"

SPEC CHECKSUMS:
  K3Base: 1e689b3e1ec725368ba2c25881de13d576702242
  K3Pinyin: 3f46639b1bf099dfa33b97af9268e71891f8bc53

PODFILE CHECKSUM: e2e4a526d3b5bf6807450580c31ddb959850b4ae

COCOAPODS: 1.6.1
